
Microsoft Visual Studio Solution File, Format Version 12.00
# Visual Studio 15
VisualStudioVersion = 15.0.28010.2050
MinimumVisualStudioVersion = 10.0.40219.1
Project("{FAE04EC0-301F-11D3-BF4B-00C04F79EFBC}") = "CustomDesgin_Test", "CustomDesgin_Test\CustomDesgin_Test.csproj", "{0F0DC726-0CF3-43F4-95E6-56209B952873}"
EndProject
Project("{FAE04EC0-301F-11D3-BF4B-00C04F79EFBC}") = "CustomDesgin", "CustomDesgin\CustomDesgin.csproj", "{53E40DD1-AA4D-452A-9BBF-A118F51B5C7C}"
EndProject
Global
	GlobalSection(SolutionConfigurationPlatforms) = preSolution
		Debug|Any CPU = Debug|Any CPU
		Release|Any CPU = Release|Any CPU
	EndGlobalSection
	GlobalSection(ProjectConfigurationPlatforms) = postSolution
		{0F0DC726-0CF3-43F4-95E6-56209B952873}.Debug|Any CPU.ActiveCfg = Debug|Any CPU
		{0F0DC726-0CF3-43F4-95E6-56209B952873}.Debug|Any CPU.Build.0 = Debug|Any CPU
		{0F0DC726-0CF3-43F4-95E6-56209B952873}.Release|Any CPU.ActiveCfg = Release|Any CPU
		{0F0DC726-0CF3-43F4-95E6-56209B952873}.Release|Any CPU.Build.0 = Release|Any CPU
		{53E40DD1-AA4D-452A-9BBF-A118F51B5C7C}.Debug|Any CPU.ActiveCfg = Debug|Any CPU
		{53E40DD1-AA4D-452A-9BBF-A118F51B5C7C}.Debug|Any CPU.Build.0 = Debug|Any CPU
		{53E40DD1-AA4D-452A-9BBF-A118F51B5C7C}.Release|Any CPU.ActiveCfg = Release|Any CPU
		{53E40DD1-AA4D-452A-9BBF-A118F51B5C7C}.Release|Any CPU.Build.0 = Release|Any CPU
	EndGlobalSection
	GlobalSection(SolutionProperties) = preSolution
		HideSolutionNode = FALSE
	EndGlobalSection
	GlobalSection(ExtensibilityGlobals) = postSolution
		SolutionGuid = {E9DDEB91-F0AE-41BE-889A-33CBF62D0E3E}
	EndGlobalSection
EndGlobal
