
Microsoft Visual Studio Solution File, Format Version 12.00
# Visual Studio 15
VisualStudioVersion = 15.0.28010.2050
MinimumVisualStudioVersion = 10.0.40219.1
Project("{FAE04EC0-301F-11D3-BF4B-00C04F79EFBC}") = "CustomDesgin_NetFramework", "CustomDesgin_NetFramework\CustomDesgin_NetFramework.csproj", "{53E40DD1-AA4D-452A-9BBF-A118F51B5C7C}"
EndProject
Project("{FAE04EC0-301F-11D3-BF4B-00C04F79EFBC}") = "CustomDesgin_Test", "CustomDesgin_Test\CustomDesgin_Test.csproj", "{0F0DC726-0CF3-43F4-95E6-56209B952873}"
EndProject
Project("{FAE04EC0-301F-11D3-BF4B-00C04F79EFBC}") = "CustomDesgin_Standard", "CustomDesgin_Standard\CustomDesgin_Standard.csproj", "{1202D0F4-9177-473C-9E09-8905C837E7BD}"
EndProject
Project("{FAE04EC0-301F-11D3-BF4B-00C04F79EFBC}") = "CustomDesign_Core", "CustomDesign_Core\CustomDesign_Core.csproj", "{E9435872-A5BF-4D8D-8B7F-0B714E830D2A}"
EndProject
Project("{FAE04EC0-301F-11D3-BF4B-00C04F79EFBC}") = "ConsoleApp1", "ConsoleApp1\ConsoleApp1.csproj", "{8DC957BB-271A-4E14-955B-DCBD0EE88751}"
EndProject
Global
	GlobalSection(SolutionConfigurationPlatforms) = preSolution
		Debug|Any CPU = Debug|Any CPU
		Release|Any CPU = Release|Any CPU
	EndGlobalSection
	GlobalSection(ProjectConfigurationPlatforms) = postSolution
		{53E40DD1-AA4D-452A-9BBF-A118F51B5C7C}.Debug|Any CPU.ActiveCfg = Debug|Any CPU
		{53E40DD1-AA4D-452A-9BBF-A118F51B5C7C}.Debug|Any CPU.Build.0 = Debug|Any CPU
		{53E40DD1-AA4D-452A-9BBF-A118F51B5C7C}.Release|Any CPU.ActiveCfg = Release|Any CPU
		{53E40DD1-AA4D-452A-9BBF-A118F51B5C7C}.Release|Any CPU.Build.0 = Release|Any CPU
		{0F0DC726-0CF3-43F4-95E6-56209B952873}.Debug|Any CPU.ActiveCfg = Debug|Any CPU
		{0F0DC726-0CF3-43F4-95E6-56209B952873}.Debug|Any CPU.Build.0 = Debug|Any CPU
		{0F0DC726-0CF3-43F4-95E6-56209B952873}.Release|Any CPU.ActiveCfg = Release|Any CPU
		{0F0DC726-0CF3-43F4-95E6-56209B952873}.Release|Any CPU.Build.0 = Release|Any CPU
		{1202D0F4-9177-473C-9E09-8905C837E7BD}.Debug|Any CPU.ActiveCfg = Debug|Any CPU
		{1202D0F4-9177-473C-9E09-8905C837E7BD}.Debug|Any CPU.Build.0 = Debug|Any CPU
		{1202D0F4-9177-473C-9E09-8905C837E7BD}.Release|Any CPU.ActiveCfg = Release|Any CPU
		{1202D0F4-9177-473C-9E09-8905C837E7BD}.Release|Any CPU.Build.0 = Release|Any CPU
		{E9435872-A5BF-4D8D-8B7F-0B714E830D2A}.Debug|Any CPU.ActiveCfg = Debug|Any CPU
		{E9435872-A5BF-4D8D-8B7F-0B714E830D2A}.Debug|Any CPU.Build.0 = Debug|Any CPU
		{E9435872-A5BF-4D8D-8B7F-0B714E830D2A}.Release|Any CPU.ActiveCfg = Release|Any CPU
		{E9435872-A5BF-4D8D-8B7F-0B714E830D2A}.Release|Any CPU.Build.0 = Release|Any CPU
		{8DC957BB-271A-4E14-955B-DCBD0EE88751}.Debug|Any CPU.ActiveCfg = Debug|Any CPU
		{8DC957BB-271A-4E14-955B-DCBD0EE88751}.Debug|Any CPU.Build.0 = Debug|Any CPU
		{8DC957BB-271A-4E14-955B-DCBD0EE88751}.Release|Any CPU.ActiveCfg = Release|Any CPU
		{8DC957BB-271A-4E14-955B-DCBD0EE88751}.Release|Any CPU.Build.0 = Release|Any CPU
	EndGlobalSection
	GlobalSection(SolutionProperties) = preSolution
		HideSolutionNode = FALSE
	EndGlobalSection
	GlobalSection(ExtensibilityGlobals) = postSolution
		SolutionGuid = {E9DDEB91-F0AE-41BE-889A-33CBF62D0E3E}
	EndGlobalSection
EndGlobal
